// !$*UTF8*$!
{
	archiveVersion = 1;
	classes = {
	};
	objectVersion = 50;
	objects = {

/* Begin PBXBuildFile section */
		160E91F52162AFAC006F32FD /* AppDelegate.swift in Sources */ = {isa = PBXBuildFile; fileRef = 160E91F42162AFAC006F32FD /* AppDelegate.swift */; };
		160E91F72162AFAC006F32FD /* ViewController.swift in Sources */ = {isa = PBXBuildFile; fileRef = 160E91F62162AFAC006F32FD /* ViewController.swift */; };
		160E91FA2162AFAC006F32FD /* Main.storyboard in Resources */ = {isa = PBXBuildFile; fileRef = 160E91F82162AFAC006F32FD /* Main.storyboard */; };
		160E91FD2162AFAC006F32FD /* Tut_AutoLayout.xcdatamodeld in Sources */ = {isa = PBXBuildFile; fileRef = 160E91FB2162AFAC006F32FD /* Tut_AutoLayout.xcdatamodeld */; };
		160E91FF2162AFAF006F32FD /* Assets.xcassets in Resources */ = {isa = PBXBuildFile; fileRef = 160E91FE2162AFAF006F32FD /* Assets.xcassets */; };
		160E92022162AFAF006F32FD /* LaunchScreen.storyboard in Resources */ = {isa = PBXBuildFile; fileRef = 160E92002162AFAF006F32FD /* LaunchScreen.storyboard */; };
/* End PBXBuildFile section */

/* Begin PBXFileReference section */
		160E91F12162AFAC006F32FD /* Tut_AutoLayout.app */ = {isa = PBXFileReference; explicitFileType = wrapper.application; includeInIndex = 0; path = Tut_AutoLayout.app; sourceTree = BUILT_PRODUCTS_DIR; };
		160E91F42162AFAC006F32FD /* AppDelegate.swift */ = {isa = PBXFileReference; lastKnownFileType = sourcecode.swift; path = AppDelegate.swift; sourceTree = "<group>"; };
		160E91F62162AFAC006F32FD /* ViewController.swift */ = {isa = PBXFileReference; lastKnownFileType = sourcecode.swift; path = ViewController.swift; sourceTree = "<group>"; };
		160E91F92162AFAC006F32FD /* Base */ = {isa = PBXFileReference; lastKnownFileType = file.storyboard; name = Base; path = Base.lproj/Main.storyboard; sourceTree = "<group>"; };
		160E91FC2162AFAC006F32FD /* Tut_AutoLayout.xcdatamodel */ = {isa = PBXFileReference; lastKnownFileType = wrapper.xcdatamodel; path = Tut_AutoLayout.xcdatamodel; sourceTree = "<group>"; };
		160E91FE2162AFAF006F32FD /* Assets.xcassets */ = {isa = PBXFileReference; lastKnownFileType = folder.assetcatalog; path = Assets.xcassets; sourceTree = "<group>"; };
		160E92012162AFAF006F32FD /* Base */ = {isa = PBXFileReference; lastKnownFileType = file.storyboard; name = Base; path = Base.lproj/LaunchScreen.storyboard; sourceTree = "<group>"; };
		160E92032162AFAF006F32FD /* Info.plist */ = {isa = PBXFileReference; lastKnownFileType = text.plist.xml; path = Info.plist; sourceTree = "<group>"; };
/* End PBXFileReference section */

/* Begin PBXFrameworksBuildPhase section */
		160E91EE2162AFAC006F32FD /* Frameworks */ = {
			isa = PBXFrameworksBuildPhase;
			buildActionMask = 2147483647;
			files = (
			);
			runOnlyForDeploymentPostprocessing = 0;
		};
/* End PBXFrameworksBuildPhase section */

/* Begin PBXGroup section */
		160E91E82162AFAC006F32FD = {
			isa = PBXGroup;
			children = (
				160E91F32162AFAC006F32FD /* Tut_AutoLayout */,
				160E91F22162AFAC006F32FD /* Products */,
			);
			sourceTree = "<group>";
		};
		160E91F22162AFAC006F32FD /* Products */ = {
			isa = PBXGroup;
			children = (
				160E91F12162AFAC006F32FD /* Tut_AutoLayout.app */,
			);
			name = Products;
			sourceTree = "<group>";
		};
		160E91F32162AFAC006F32FD /* Tut_AutoLayout */ = {
			isa = PBXGroup;
			children = (
				160E91F42162AFAC006F32FD /* AppDelegate.swift */,
				160E91F62162AFAC006F32FD /* ViewController.swift */,
				160E91F82162AFAC006F32FD /* Main.storyboard */,
				160E91FE2162AFAF006F32FD /* Assets.xcassets */,
				160E92002162AFAF006F32FD /* LaunchScreen.storyboard */,
				160E92032162AFAF006F32FD /* Info.plist */,
				160E91FB2162AFAC006F32FD /* Tut_AutoLayout.xcdatamodeld */,
			);
			path = Tut_AutoLayout;
			sourceTree = "<group>";
		};
/* End PBXGroup section */

/* Begin PBXNativeTarget section */
		160E91F02162AFAC006F32FD /* Tut_AutoLayout */ = {
			isa = PBXNativeTarget;
			buildConfigurationList = 160E92062162AFAF006F32FD /* Build configuration list for PBXNativeTarget "Tut_AutoLayout" */;
			buildPhases = (
				160E91ED2162AFAC006F32FD /* Sources */,
				160E91EE2162AFAC006F32FD /* Frameworks */,
				160E91EF2162AFAC006F32FD /* Resources */,
			);
			buildRules = (
			);
			dependencies = (
			);
			name = Tut_AutoLayout;
			productName = Tut_AutoLayout;
			productReference = 160E91F12162AFAC006F32FD /* Tut_AutoLayout.app */;
			productType = "com.apple.product-type.application";
		};
/* End PBXNativeTarget section */

/* Begin PBXProject section */
		160E91E92162AFAC006F32FD /* Project object */ = {
			isa = PBXProject;
			attributes = {
				LastSwiftUpdateCheck = 0940;
				LastUpgradeCheck = 0940;
				ORGANIZATIONNAME = "Eray Alparslan";
				TargetAttributes = {
					160E91F02162AFAC006F32FD = {
						CreatedOnToolsVersion = 9.4.1;
					};
				};
			};
			buildConfigurationList = 160E91EC2162AFAC006F32FD /* Build configuration list for PBXProject "Tut_AutoLayout" */;
			compatibilityVersion = "Xcode 9.3";
			developmentRegion = en;
			hasScannedForEncodings = 0;
			knownRegions = (
				en,
				Base,
			);
			mainGroup = 160E91E82162AFAC006F32FD;
			productRefGroup = 160E91F22162AFAC006F32FD /* Products */;
			projectDirPath = "";
			projectRoot = "";
			targets = (
				160E91F02162AFAC006F32FD /* Tut_AutoLayout */,
			);
		};
/* End PBXProject section */

/* Begin PBXResourcesBuildPhase section */
		160E91EF2162AFAC006F32FD /* Resources */ = {
			isa = PBXResourcesBuildPhase;
			buildActionMask = 2147483647;
			files = (
				160E92022162AFAF006F32FD /* LaunchScreen.storyboard in Resources */,
				160E91FF2162AFAF006F32FD /* Assets.xcassets in Resources */,
				160E91FA2162AFAC006F32FD /* Main.storyboard in Resources */,
			);
			runOnlyForDeploymentPostprocessing = 0;
		};
/* End PBXResourcesBuildPhase section */

/* Begin PBXSourcesBuildPhase section */
		160E91ED2162AFAC006F32FD /* Sources */ = {
			isa = PBXSourcesBuildPhase;
			buildActionMask = 2147483647;
			files = (
				160E91F72162AFAC006F32FD /* ViewController.swift in Sources */,
				160E91FD2162AFAC006F32FD /* Tut_AutoLayout.xcdatamodeld in Sources */,
				160E91F52162AFAC006F32FD /* AppDelegate.swift in Sources */,
			);
			runOnlyForDeploymentPostprocessing = 0;
		};
/* End PBXSourcesBuildPhase section */

/* Begin PBXVariantGroup section */
		160E91F82162AFAC006F32FD /* Main.storyboard */ = {
			isa = PBXVariantGroup;
			children = (
				160E91F92162AFAC006F32FD /* Base */,
			);
			name = Main.storyboard;
			sourceTree = "<group>";
		};
		160E92002162AFAF006F32FD /* LaunchScreen.storyboard */ = {
			isa = PBXVariantGroup;
			children = (
				160E92012162AFAF006F32FD /* Base */,
			);
			name = LaunchScreen.storyboard;
			sourceTree = "<group>";
		};
/* End PBXVariantGroup section */

/* Begin XCBuildConfiguration section */
		160E92042162AFAF006F32FD /* Debug */ = {
			isa = XCBuildConfiguration;
			buildSettings = {
				ALWAYS_SEARCH_USER_PATHS = NO;
				CLANG_ANALYZER_NONNULL = YES;
				CLANG_ANALYZER_NUMBER_OBJECT_CONVERSION = YES_AGGRESSIVE;
				CLANG_CXX_LANGUAGE_STANDARD = "gnu++14";
				CLANG_CXX_LIBRARY = "libc++";
				CLANG_ENABLE_MODULES = YES;
				CLANG_ENABLE_OBJC_ARC = YES;
				CLANG_ENABLE_OBJC_WEAK = YES;
				CLANG_WARN_BLOCK_CAPTURE_AUTORELEASING = YES;
				CLANG_WARN_BOOL_CONVERSION = YES;
				CLANG_WARN_COMMA = YES;
				CLANG_WARN_CONSTANT_CONVERSION = YES;
				CLANG_WARN_DEPRECATED_OBJC_IMPLEMENTATIONS = YES;
				CLANG_WARN_DIRECT_OBJC_ISA_USAGE = YES_ERROR;
				CLANG_WARN_DOCUMENTATION_COMMENTS = YES;
				CLANG_WARN_EMPTY_BODY = YES;
				CLANG_WARN_ENUM_CONVERSION = YES;
				CLANG_WARN_INFINITE_RECURSION = YES;
				CLANG_WARN_INT_CONVERSION = YES;
				CLANG_WARN_NON_LITERAL_NULL_CONVERSION = YES;
				CLANG_WARN_OBJC_IMPLICIT_RETAIN_SELF = YES;
				CLANG_WARN_OBJC_LITERAL_CONVERSION = YES;
				CLANG_WARN_OBJC_ROOT_CLASS = YES_ERROR;
				CLANG_WARN_RANGE_LOOP_ANALYSIS = YES;
				CLANG_WARN_STRICT_PROTOTYPES = YES;
				CLANG_WARN_SUSPICIOUS_MOVE = YES;
				CLANG_WARN_UNGUARDED_AVAILABILITY = YES_AGGRESSIVE;
				CLANG_WARN_UNREACHABLE_CODE = YES;
				CLANG_WARN__DUPLICATE_METHOD_MATCH = YES;
				CODE_SIGN_IDENTITY = "iPhone Developer";
				COPY_PHASE_STRIP = NO;
				DEBUG_INFORMATION_FORMAT = dwarf;
				ENABLE_STRICT_OBJC_MSGSEND = YES;
				ENABLE_TESTABILITY = YES;
				GCC_C_LANGUAGE_STANDARD = gnu11;
				GCC_DYNAMIC_NO_PIC = NO;
				GCC_NO_COMMON_BLOCKS = YES;
				GCC_OPTIMIZATION_LEVEL = 0;
				GCC_PREPROCESSOR_DEFINITIONS = (
					"DEBUG=1",
					"$(inherited)",
				);
				GCC_WARN_64_TO_32_BIT_CONVERSION = YES;
				GCC_WARN_ABOUT_RETURN_TYPE = YES_ERROR;
				GCC_WARN_UNDECLARED_SELECTOR = YES;
				GCC_WARN_UNINITIALIZED_AUTOS = YES_AGGRESSIVE;
				GCC_WARN_UNUSED_FUNCTION = YES;
				GCC_WARN_UNUSED_VARIABLE = YES;
				IPHONEOS_DEPLOYMENT_TARGET = 11.4;
				MTL_ENABLE_DEBUG_INFO = YES;
				ONLY_ACTIVE_ARCH = YES;
				SDKROOT = iphoneos;
				SWIFT_ACTIVE_COMPILATION_CONDITIONS = DEBUG;
				SWIFT_OPTIMIZATION_LEVEL = "-Onone";
			};
			name = Debug;
		};
		160E92052162AFAF006F32FD /* Release */ = {
			isa = XCBuildConfiguration;
			buildSettings = {
				ALWAYS_SEARCH_USER_PATHS = NO;
				CLANG_ANALYZER_NONNULL = YES;
				CLANG_ANALYZER_NUMBER_OBJECT_CONVERSION = YES_AGGRESSIVE;
				CLANG_CXX_LANGUAGE_STANDARD = "gnu++14";
				CLANG_CXX_LIBRARY = "libc++";
				CLANG_ENABLE_MODULES = YES;
				CLANG_ENABLE_OBJC_ARC = YES;
				CLANG_ENABLE_OBJC_WEAK = YES;
				CLANG_WARN_BLOCK_CAPTURE_AUTORELEASING = YES;
				CLANG_WARN_BOOL_CONVERSION = YES;
				CLANG_WARN_COMMA = YES;
				CLANG_WARN_CONSTANT_CONVERSION = YES;
				CLANG_WARN_DEPRECATED_OBJC_IMPLEMENTATIONS = YES;
				CLANG_WARN_DIRECT_OBJC_ISA_USAGE = YES_ERROR;
				CLANG_WARN_DOCUMENTATION_COMMENTS = YES;
				CLANG_WARN_EMPTY_BODY = YES;
				CLANG_WARN_ENUM_CONVERSION = YES;
				CLANG_WARN_INFINITE_RECURSION = YES;
				CLANG_WARN_INT_CONVERSION = YES;
				CLANG_WARN_NON_LITERAL_NULL_CONVERSION = YES;
				CLANG_WARN_OBJC_IMPLICIT_RETAIN_SELF = YES;
				CLANG_WARN_OBJC_LITERAL_CONVERSION = YES;
				CLANG_WARN_OBJC_ROOT_CLASS = YES_ERROR;
				CLANG_WARN_RANGE_LOOP_ANALYSIS = YES;
				CLANG_WARN_STRICT_PROTOTYPES = YES;
				CLANG_WARN_SUSPICIOUS_MOVE = YES;
				CLANG_WARN_UNGUARDED_AVAILABILITY = YES_AGGRESSIVE;
				CLANG_WARN_UNREACHABLE_CODE = YES;
				CLANG_WARN__DUPLICATE_METHOD_MATCH = YES;
				CODE_SIGN_IDENTITY = "iPhone Developer";
				COPY_PHASE_STRIP = NO;
				DEBUG_INFORMATION_FORMAT = "dwarf-with-dsym";
				ENABLE_NS_ASSERTIONS = NO;
				ENABLE_STRICT_OBJC_MSGSEND = YES;
				GCC_C_LANGUAGE_STANDARD = gnu11;
				GCC_NO_COMMON_BLOCKS = YES;
				GCC_WARN_64_TO_32_BIT_CONVERSION = YES;
				GCC_WARN_ABOUT_RETURN_TYPE = YES_ERROR;
				GCC_WARN_UNDECLARED_SELECTOR = YES;
				GCC_WARN_UNINITIALIZED_AUTOS = YES_AGGRESSIVE;
				GCC_WARN_UNUSED_FUNCTION = YES;
				GCC_WARN_UNUSED_VARIABLE = YES;
				IPHONEOS_DEPLOYMENT_TARGET = 11.4;
				MTL_ENABLE_DEBUG_INFO = NO;
				SDKROOT = iphoneos;
				SWIFT_COMPILATION_MODE = wholemodule;
				SWIFT_OPTIMIZATION_LEVEL = "-O";
				VALIDATE_PRODUCT = YES;
			};
			name = Release;
		};
		160E92072162AFAF006F32FD /* Debug */ = {
			isa = XCBuildConfiguration;
			buildSettings = {
				ASSETCATALOG_COMPILER_APPICON_NAME = AppIcon;
				CODE_SIGN_STYLE = Automatic;
				DEVELOPMENT_TEAM = XN294VVZ35;
				INFOPLIST_FILE = Tut_AutoLayout/Info.plist;
				LD_RUNPATH_SEARCH_PATHS = (
					"$(inherited)",
					"@executable_path/Frameworks",
				);
				PRODUCT_BUNDLE_IDENTIFIER = "com.erayalparslan.Tut-AutoLayout";
				PRODUCT_NAME = "$(TARGET_NAME)";
				SWIFT_VERSION = 4.0;
				TARGETED_DEVICE_FAMILY = "1,2";
			};
			name = Debug;
		};
		160E92082162AFAF006F32FD /* Release */ = {
			isa = XCBuildConfiguration;
			buildSettings = {
				ASSETCATALOG_COMPILER_APPICON_NAME = AppIcon;
				CODE_SIGN_STYLE = Automatic;
				DEVELOPMENT_TEAM = XN294VVZ35;
				INFOPLIST_FILE = Tut_AutoLayout/Info.plist;
				LD_RUNPATH_SEARCH_PATHS = (
					"$(inherited)",
					"@executable_path/Frameworks",
				);
				PRODUCT_BUNDLE_IDENTIFIER = "com.erayalparslan.Tut-AutoLayout";
				PRODUCT_NAME = "$(TARGET_NAME)";
				SWIFT_VERSION = 4.0;
				TARGETED_DEVICE_FAMILY = "1,2";
			};
			name = Release;
		};
/* End XCBuildConfiguration section */

/* Begin XCConfigurationList section */
		160E91EC2162AFAC006F32FD /* Build configuration list for PBXProject "Tut_AutoLayout" */ = {
			isa = XCConfigurationList;
			buildConfigurations = (
				160E92042162AFAF006F32FD /* Debug */,
				160E92052162AFAF006F32FD /* Release */,
			);
			defaultConfigurationIsVisible = 0;
			defaultConfigurationName = Release;
		};
		160E92062162AFAF006F32FD /* Build configuration list for PBXNativeTarget "Tut_AutoLayout" */ = {
			isa = XCConfigurationList;
			buildConfigurations = (
				160E92072162AFAF006F32FD /* Debug */,
				160E92082162AFAF006F32FD /* Release */,
			);
			defaultConfigurationIsVisible = 0;
			defaultConfigurationName = Release;
		};
/* End XCConfigurationList section */

/* Begin XCVersionGroup section */
		160E91FB2162AFAC006F32FD /* Tut_AutoLayout.xcdatamodeld */ = {
			isa = XCVersionGroup;
			children = (
				160E91FC2162AFAC006F32FD /* Tut_AutoLayout.xcdatamodel */,
			);
			currentVersion = 160E91FC2162AFAC006F32FD /* Tut_AutoLayout.xcdatamodel */;
			path = Tut_AutoLayout.xcdatamodeld;
			sourceTree = "<group>";
			versionGroupType = wrapper.xcdatamodel;
		};
/* End XCVersionGroup section */
	};
	rootObject = 160E91E92162AFAC006F32FD /* Project object */;
}
